
Microsoft Visual Studio Solution File, Format Version 12.00
# Visual Studio Version 16
VisualStudioVersion = 16.0.32126.315
MinimumVisualStudioVersion = 10.0.40219.1
Project("{FAE04EC0-301F-11D3-BF4B-00C04F79EFBC}") = "BookDB", "BookDB\BookDB.csproj", "{63A59DE1-DA7D-44CF-A91C-BA3613AD3D44}"
EndProject
Global
	GlobalSection(SolutionConfigurationPlatforms) = preSolution
		Debug|Any CPU = Debug|Any CPU
		Release|Any CPU = Release|Any CPU
	EndGlobalSection
	GlobalSection(ProjectConfigurationPlatforms) = postSolution
		{63A59DE1-DA7D-44CF-A91C-BA3613AD3D44}.Debug|Any CPU.ActiveCfg = Debug|Any CPU
		{63A59DE1-DA7D-44CF-A91C-BA3613AD3D44}.Debug|Any CPU.Build.0 = Debug|Any CPU
		{63A59DE1-DA7D-44CF-A91C-BA3613AD3D44}.Release|Any CPU.ActiveCfg = Release|Any CPU
		{63A59DE1-DA7D-44CF-A91C-BA3613AD3D44}.Release|Any CPU.Build.0 = Release|Any CPU
	EndGlobalSection
	GlobalSection(SolutionProperties) = preSolution
		HideSolutionNode = FALSE
	EndGlobalSection
	GlobalSection(ExtensibilityGlobals) = postSolution
		SolutionGuid = {518E4592-1416-4C4B-B8B5-B50C1F3467A1}
	EndGlobalSection
EndGlobal
